{
  "name": "acpreact",
  "version": "1.0.2",
  "lockfileVersion": 3,
  "requires": true,
  "packages": {
    "": {
      "name": "acpreact",
      "version": "1.0.2",
      "license": "ISC",
      "dependencies": {
        "@anthropic-ai/sdk": "^0.74.0",
        "@kilocode/cli": "^1.0.0",
        "@opencode-ai/plugin": "^1.2.5",
        "@opencode-ai/sdk": "^1.2.5"
      }
    },
    "node_modules/@anthropic-ai/sdk": {
      "version": "0.74.0",
      "resolved": "https://registry.npmjs.org/@anthropic-ai/sdk/-/sdk-0.74.0.tgz",
      "integrity": "sha512-srbJV7JKsc5cQ6eVuFzjZO7UR3xEPJqPamHFIe29bs38Ij2IripoAhC0S5NslNbaFUYqBKypmmpzMTpqfHEUDw==",
      "license": "MIT",
      "dependencies": {
        "json-schema-to-ts": "^3.1.1"
      },
      "bin": {
        "anthropic-ai-sdk": "bin/cli"
      },
      "peerDependencies": {
        "zod": "^3.25.0 || ^4.0.0"
      },
      "peerDependenciesMeta": {
        "zod": {
          "optional": true
        }
      }
    },
    "node_modules/@babel/runtime": {
      "version": "7.28.6",
      "resolved": "https://registry.npmjs.org/@babel/runtime/-/runtime-7.28.6.tgz",
      "integrity": "sha512-05WQkdpL9COIMz4LjTxGpPNCdlpyimKppYNoJ5Di5EUObifl8t4tuLuUBBZEpoLYOmfvIWrsp9fCl0HoPRVTdA==",
      "license": "MIT",
      "engines": {
        "node": ">=6.9.0"
      }
    },
    "node_modules/@kilocode/cli": {
      "version": "1.0.22",
      "resolved": "https://registry.npmjs.org/@kilocode/cli/-/cli-1.0.22.tgz",
      "integrity": "sha512-EAjjVR3oU601XT5WfdyQIx9BOI9MrKCUSuik7Wh37c5Z6Gt5tnqvAjrKiWf8GZ9VD/zwaynZvfzAP9vrEIAmhQ==",
      "hasInstallScript": true,
      "license": "MIT",
      "bin": {
        "kilo": "bin/kilo",
        "kilocode": "bin/kilo"
      },
      "optionalDependencies": {
        "@kilocode/cli-darwin-arm64": "1.0.22",
        "@kilocode/cli-darwin-x64": "1.0.22",
        "@kilocode/cli-darwin-x64-baseline": "1.0.22",
        "@kilocode/cli-linux-arm64": "1.0.22",
        "@kilocode/cli-linux-arm64-musl": "1.0.22",
        "@kilocode/cli-linux-x64": "1.0.22",
        "@kilocode/cli-linux-x64-baseline": "1.0.22",
        "@kilocode/cli-linux-x64-baseline-musl": "1.0.22",
        "@kilocode/cli-linux-x64-musl": "1.0.22",
        "@kilocode/cli-windows-x64": "1.0.22",
        "@kilocode/cli-windows-x64-baseline": "1.0.22"
      }
    },
    "node_modules/@kilocode/cli-darwin-arm64": {
      "version": "1.0.22",
      "resolved": "https://registry.npmjs.org/@kilocode/cli-darwin-arm64/-/cli-darwin-arm64-1.0.22.tgz",
      "integrity": "sha512-RMh95lCSJAAWGR3Yb7EKHY15V/3df3LQ5CfxJY2WWmreOoU6lY1U9qfdatePIBiMscFRl9c0Y2ml2zXrCP2lHg==",
      "cpu": [
        "arm64"
      ],
      "optional": true,
      "os": [
        "darwin"
      ]
    },
    "node_modules/@kilocode/cli-darwin-x64": {
      "version": "1.0.22",
      "resolved": "https://registry.npmjs.org/@kilocode/cli-darwin-x64/-/cli-darwin-x64-1.0.22.tgz",
      "integrity": "sha512-OIUxT1WtMmwgC7bo2tH3W6Eb0voUsZVNHN2r2iNp69gsH0l2cmCy+capAYiRSDNZhk1YIARTx7NzoYV6H7g8DA==",
      "cpu": [
        "x64"
      ],
      "optional": true,
      "os": [
        "darwin"
      ]
    },
    "node_modules/@kilocode/cli-darwin-x64-baseline": {
      "version": "1.0.22",
      "resolved": "https://registry.npmjs.org/@kilocode/cli-darwin-x64-baseline/-/cli-darwin-x64-baseline-1.0.22.tgz",
      "integrity": "sha512-luXUAajD1scsYAgdclyI3rwGcXBt0SOM/4IG3iq2iC/p++IERRd6nu0wlelsbOQxNNDYV3h2Kt2aJpuLTfWeKA==",
      "cpu": [
        "x64"
      ],
      "optional": true,
      "os": [
        "darwin"
      ]
    },
    "node_modules/@kilocode/cli-linux-arm64": {
      "version": "1.0.22",
      "resolved": "https://registry.npmjs.org/@kilocode/cli-linux-arm64/-/cli-linux-arm64-1.0.22.tgz",
      "integrity": "sha512-/zNr9JqQxoPqNjq+uB0dBFlWDEfoN5p4ptT7qvGoYQ1Mga5nnq1gGXMN0rMgkJBE7ujv+89NWgBneW7HocQVXg==",
      "cpu": [
        "arm64"
      ],
      "optional": true,
      "os": [
        "linux"
      ]
    },
    "node_modules/@kilocode/cli-linux-arm64-musl": {
      "version": "1.0.22",
      "resolved": "https://registry.npmjs.org/@kilocode/cli-linux-arm64-musl/-/cli-linux-arm64-musl-1.0.22.tgz",
      "integrity": "sha512-hEcNDdFKeV5RqWLhne9rhniwuyB5hQBehf9ed1ktH7wJKVI0xJ8umELEwAcjsrwJ40thyBPYL//okCjpHGOQXg==",
      "cpu": [
        "arm64"
      ],
      "optional": true,
      "os": [
        "linux"
      ]
    },
    "node_modules/@kilocode/cli-linux-x64": {
      "version": "1.0.22",
      "resolved": "https://registry.npmjs.org/@kilocode/cli-linux-x64/-/cli-linux-x64-1.0.22.tgz",
      "integrity": "sha512-ZIYmt6abYG3h73TZK+8TtxDDUnT/b7NTGp0munuBUQ51kWrUQq5je28Sw/OWFEU7rs4QyWLWk1m5tvWy077B0w==",
      "cpu": [
        "x64"
      ],
      "optional": true,
      "os": [
        "linux"
      ]
    },
    "node_modules/@kilocode/cli-linux-x64-baseline": {
      "version": "1.0.22",
      "resolved": "https://registry.npmjs.org/@kilocode/cli-linux-x64-baseline/-/cli-linux-x64-baseline-1.0.22.tgz",
      "integrity": "sha512-cCaJVuA3ssMILXKfcxJffninfSQPlOdGzJPDMOmPct29IpCGMvCZoZNI0U6HfcllWy7NA3sD2pVTcAqRN2uAOA==",
      "cpu": [
        "x64"
      ],
      "optional": true,
      "os": [
        "linux"
      ]
    },
    "node_modules/@kilocode/cli-linux-x64-baseline-musl": {
      "version": "1.0.22",
      "resolved": "https://registry.npmjs.org/@kilocode/cli-linux-x64-baseline-musl/-/cli-linux-x64-baseline-musl-1.0.22.tgz",
      "integrity": "sha512-ZZ4f4CMKIgC9FJ+Agc458NPiB4TbSbA1x57Mh2KpvsgFjKT4SiuvyabiUPyeTVuVvT27san+HzyoSbdzWb3eyA==",
      "cpu": [
        "x64"
      ],
      "optional": true,
      "os": [
        "linux"
      ]
    },
    "node_modules/@kilocode/cli-linux-x64-musl": {
      "version": "1.0.22",
      "resolved": "https://registry.npmjs.org/@kilocode/cli-linux-x64-musl/-/cli-linux-x64-musl-1.0.22.tgz",
      "integrity": "sha512-8vN5KHMUJUvWJPtUOEJ+wTvkAKSU2OBNauVNx3OLXrsUhQjUGwXsfKrMeetl6YPMNvPny92/0AbVrgonhJRzQQ==",
      "cpu": [
        "x64"
      ],
      "optional": true,
      "os": [
        "linux"
      ]
    },
    "node_modules/@kilocode/cli-windows-x64": {
      "version": "1.0.22",
      "resolved": "https://registry.npmjs.org/@kilocode/cli-windows-x64/-/cli-windows-x64-1.0.22.tgz",
      "integrity": "sha512-3sr3czgs+QHeDTs+UPt+/3IuWz/YD9Xm3IZj1ITpd2YG+BjT4AzwFIS3HSC0XfXcplXXpNM/LJqxS6ZOhc3dyA==",
      "cpu": [
        "x64"
      ],
      "optional": true,
      "os": [
        "win32"
      ]
    },
    "node_modules/@kilocode/cli-windows-x64-baseline": {
      "version": "1.0.22",
      "resolved": "https://registry.npmjs.org/@kilocode/cli-windows-x64-baseline/-/cli-windows-x64-baseline-1.0.22.tgz",
      "integrity": "sha512-myg551iazedfMHMt8VBOpIx3af2ZkeJscFtrI0cnDfWSnbV0+GWLt2XkHWj0Rpmi/0G2Ck97nK+K8GFegajn2w==",
      "cpu": [
        "x64"
      ],
      "optional": true,
      "os": [
        "win32"
      ]
    },
    "node_modules/@opencode-ai/plugin": {
      "version": "1.2.6",
      "resolved": "https://registry.npmjs.org/@opencode-ai/plugin/-/plugin-1.2.6.tgz",
      "integrity": "sha512-CJEp3k17yWsjyfivm3zQof8L42pdze3a7iTqMOyesHgJplSuLiBYAMndbBYMDuJkyAh0dHYjw8v10vVw7Kfl4Q==",
      "license": "MIT",
      "dependencies": {
        "@opencode-ai/sdk": "1.2.6",
        "zod": "4.1.8"
      }
    },
    "node_modules/@opencode-ai/sdk": {
      "version": "1.2.6",
      "resolved": "https://registry.npmjs.org/@opencode-ai/sdk/-/sdk-1.2.6.tgz",
      "integrity": "sha512-dWMF8Aku4h7fh8sw5tQ2FtbqRLbIFT8FcsukpxTird49ax7oUXP+gzqxM/VdxHjfksQvzLBjLZyMdDStc5g7xA==",
      "license": "MIT"
    },
    "node_modules/json-schema-to-ts": {
      "version": "3.1.1",
      "resolved": "https://registry.npmjs.org/json-schema-to-ts/-/json-schema-to-ts-3.1.1.tgz",
      "integrity": "sha512-+DWg8jCJG2TEnpy7kOm/7/AxaYoaRbjVB4LFZLySZlWn8exGs3A4OLJR966cVvU26N7X9TWxl+Jsw7dzAqKT6g==",
      "license": "MIT",
      "dependencies": {
        "@babel/runtime": "^7.18.3",
        "ts-algebra": "^2.0.0"
      },
      "engines": {
        "node": ">=16"
      }
    },
    "node_modules/ts-algebra": {
      "version": "2.0.0",
      "resolved": "https://registry.npmjs.org/ts-algebra/-/ts-algebra-2.0.0.tgz",
      "integrity": "sha512-FPAhNPFMrkwz76P7cdjdmiShwMynZYN6SgOujD1urY4oNm80Ou9oMdmbR45LotcKOXoy7wSmHkRFE6Mxbrhefw==",
      "license": "MIT"
    },
    "node_modules/zod": {
      "version": "4.1.8",
      "resolved": "https://registry.npmjs.org/zod/-/zod-4.1.8.tgz",
      "integrity": "sha512-5R1P+WwQqmmMIEACyzSvo4JXHY5WiAFHRMg+zBZKgKS+Q1viRa0C1hmUKtHltoIFKtIdki3pRxkmpP74jnNYHQ==",
      "license": "MIT",
      "funding": {
        "url": "https://github.com/sponsors/colinhacks"
      }
    }
  }
}
